
Microsoft Visual Studio Solution File, Format Version 12.00
# Visual Studio Version 16
VisualStudioVersion = 16.0.30621.155
MinimumVisualStudioVersion = 10.0.40219.1
Project("{FAE04EC0-301F-11D3-BF4B-00C04F79EFBC}") = "AreaRetangulo", "AreaRetangulo\AreaRetangulo.csproj", "{9DB626BE-D204-49F5-AB20-BC5EEAB8EC40}"
EndProject
Global
	GlobalSection(SolutionConfigurationPlatforms) = preSolution
		Debug|Any CPU = Debug|Any CPU
		Release|Any CPU = Release|Any CPU
	EndGlobalSection
	GlobalSection(ProjectConfigurationPlatforms) = postSolution
		{9DB626BE-D204-49F5-AB20-BC5EEAB8EC40}.Debug|Any CPU.ActiveCfg = Debug|Any CPU
		{9DB626BE-D204-49F5-AB20-BC5EEAB8EC40}.Debug|Any CPU.Build.0 = Debug|Any CPU
		{9DB626BE-D204-49F5-AB20-BC5EEAB8EC40}.Release|Any CPU.ActiveCfg = Release|Any CPU
		{9DB626BE-D204-49F5-AB20-BC5EEAB8EC40}.Release|Any CPU.Build.0 = Release|Any CPU
	EndGlobalSection
	GlobalSection(SolutionProperties) = preSolution
		HideSolutionNode = FALSE
	EndGlobalSection
	GlobalSection(ExtensibilityGlobals) = postSolution
		SolutionGuid = {1E6C9EAD-FB6B-4376-956C-6219BA976320}
	EndGlobalSection
EndGlobal
